
Microsoft Visual Studio Solution File, Format Version 12.00
# Visual Studio Version 17
VisualStudioVersion = 17.10.35013.160
MinimumVisualStudioVersion = 10.0.40219.1
Project("{FAE04EC0-301F-11D3-BF4B-00C04F79EFBC}") = "employee_db", "employee_db\employee_db.csproj", "{FC9BDF5B-D952-4C7E-8143-15FF0C6B527D}"
EndProject
Global
	GlobalSection(SolutionConfigurationPlatforms) = preSolution
		Debug|Any CPU = Debug|Any CPU
		Release|Any CPU = Release|Any CPU
	EndGlobalSection
	GlobalSection(ProjectConfigurationPlatforms) = postSolution
		{FC9BDF5B-D952-4C7E-8143-15FF0C6B527D}.Debug|Any CPU.ActiveCfg = Debug|Any CPU
		{FC9BDF5B-D952-4C7E-8143-15FF0C6B527D}.Debug|Any CPU.Build.0 = Debug|Any CPU
		{FC9BDF5B-D952-4C7E-8143-15FF0C6B527D}.Release|Any CPU.ActiveCfg = Release|Any CPU
		{FC9BDF5B-D952-4C7E-8143-15FF0C6B527D}.Release|Any CPU.Build.0 = Release|Any CPU
	EndGlobalSection
	GlobalSection(SolutionProperties) = preSolution
		HideSolutionNode = FALSE
	EndGlobalSection
	GlobalSection(ExtensibilityGlobals) = postSolution
		SolutionGuid = {82C58160-D2B7-49D8-9139-694EE42F3861}
	EndGlobalSection
EndGlobal
